// !$*UTF8*$!
{
	archiveVersion = 1;
	classes = {
	};
	objectVersion = 55;
	objects = {

/* Begin PBXBuildFile section */
		2D5F52E4278F5574005A0D6C /* OpenFocusTimerApp.swift in Sources */ = {isa = PBXBuildFile; fileRef = 2D5F52B9278F5574005A0D6C /* OpenFocusTimerApp.swift */; };
		2D5F52E5278F5574005A0D6C /* OpenFocusTimerApp.swift in Sources */ = {isa = PBXBuildFile; fileRef = 2D5F52B9278F5574005A0D6C /* OpenFocusTimerApp.swift */; };
		2D5F52EA278F5574005A0D6C /* AppAssets.xcassets in Resources */ = {isa = PBXBuildFile; fileRef = 2D5F52BC278F5574005A0D6C /* AppAssets.xcassets */; };
		2D5F52EB278F5574005A0D6C /* AppAssets.xcassets in Resources */ = {isa = PBXBuildFile; fileRef = 2D5F52BC278F5574005A0D6C /* AppAssets.xcassets */; };
		2D7596332809BD580003A937 /* MainFeature in Frameworks */ = {isa = PBXBuildFile; productRef = 2D7596322809BD580003A937 /* MainFeature */; };
		2D7596352809BD5D0003A937 /* MainFeature in Frameworks */ = {isa = PBXBuildFile; productRef = 2D7596342809BD5D0003A937 /* MainFeature */; };
		2D7596372809C68E0003A937 /* Settings in Frameworks */ = {isa = PBXBuildFile; productRef = 2D7596362809C68E0003A937 /* Settings */; };
		2D7596392809C6940003A937 /* Settings in Frameworks */ = {isa = PBXBuildFile; productRef = 2D7596382809C6940003A937 /* Settings */; };
		2D75963B2809C6DE0003A937 /* Utility in Frameworks */ = {isa = PBXBuildFile; productRef = 2D75963A2809C6DE0003A937 /* Utility */; };
		2D75963D2809C6E30003A937 /* Utility in Frameworks */ = {isa = PBXBuildFile; productRef = 2D75963C2809C6E30003A937 /* Utility */; };
		2DC338F52798A6AE0095E502 /* LanguageSupport.strings in Resources */ = {isa = PBXBuildFile; fileRef = 2DC338F82798A6AE0095E502 /* LanguageSupport.strings */; };
		2DC338F62798A6AE0095E502 /* LanguageSupport.strings in Resources */ = {isa = PBXBuildFile; fileRef = 2DC338F82798A6AE0095E502 /* LanguageSupport.strings */; };
		2DF3DD79278F6349000748BF /* AppEntryPoint in Frameworks */ = {isa = PBXBuildFile; productRef = 2DF3DD78278F6349000748BF /* AppEntryPoint */; };
		2DF3DD7B278F64BF000748BF /* AppEntryPoint in Frameworks */ = {isa = PBXBuildFile; productRef = 2DF3DD7A278F64BF000748BF /* AppEntryPoint */; };
/* End PBXBuildFile section */

/* Begin PBXFileReference section */
		2D5F52B9278F5574005A0D6C /* OpenFocusTimerApp.swift */ = {isa = PBXFileReference; lastKnownFileType = sourcecode.swift; path = OpenFocusTimerApp.swift; sourceTree = "<group>"; };
		2D5F52BC278F5574005A0D6C /* AppAssets.xcassets */ = {isa = PBXFileReference; lastKnownFileType = folder.assetcatalog; path = AppAssets.xcassets; sourceTree = "<group>"; };
		2D5F52C1278F5574005A0D6C /* OpenFocusTimer.app */ = {isa = PBXFileReference; explicitFileType = wrapper.application; includeInIndex = 0; path = OpenFocusTimer.app; sourceTree = BUILT_PRODUCTS_DIR; };
		2D5F52C7278F5574005A0D6C /* OpenFocusTimer.app */ = {isa = PBXFileReference; explicitFileType = wrapper.application; includeInIndex = 0; path = OpenFocusTimer.app; sourceTree = BUILT_PRODUCTS_DIR; };
		2D5F52C9278F5574005A0D6C /* macOS.entitlements */ = {isa = PBXFileReference; lastKnownFileType = text.plist.entitlements; path = macOS.entitlements; sourceTree = "<group>"; };
		2D5F52FA278F5AAD005A0D6C /* OpenFocusTimer */ = {isa = PBXFileReference; lastKnownFileType = wrapper; name = OpenFocusTimer; path = ..; sourceTree = "<group>"; };
		2D77E0022812E4F900A955D8 /* SwiftGen-xcassets.stencil */ = {isa = PBXFileReference; lastKnownFileType = text; path = "SwiftGen-xcassets.stencil"; sourceTree = SOURCE_ROOT; };
		2D77E0032812E4F900A955D8 /* BartyCrouch.toml */ = {isa = PBXFileReference; lastKnownFileType = text; path = BartyCrouch.toml; sourceTree = SOURCE_ROOT; };
		2D77E0042812E4F900A955D8 /* SwiftLint.yml */ = {isa = PBXFileReference; lastKnownFileType = text.yaml; path = SwiftLint.yml; sourceTree = SOURCE_ROOT; };
		2D77E0052812E4F900A955D8 /* swift-format.json */ = {isa = PBXFileReference; lastKnownFileType = text.json; path = "swift-format.json"; sourceTree = SOURCE_ROOT; };
		2D77E0062812E4F900A955D8 /* swiftgen.yml */ = {isa = PBXFileReference; lastKnownFileType = text.yaml; path = swiftgen.yml; sourceTree = SOURCE_ROOT; };
		2D77E0082812E80600A955D8 /* SwiftGen-strings.stencil */ = {isa = PBXFileReference; lastKnownFileType = text; path = "SwiftGen-strings.stencil"; sourceTree = SOURCE_ROOT; };
		2D77E0092812EA9800A955D8 /* build-script.sh */ = {isa = PBXFileReference; lastKnownFileType = text.script.sh; path = "build-script.sh"; sourceTree = SOURCE_ROOT; };
		2DC28216278F6F670074CBD1 /* .gitignore */ = {isa = PBXFileReference; lastKnownFileType = text; name = .gitignore; path = ../.gitignore; sourceTree = "<group>"; };
		2DC338F72798A6AE0095E502 /* en */ = {isa = PBXFileReference; lastKnownFileType = text.plist.strings; name = en; path = en.lproj/LanguageSupport.strings; sourceTree = "<group>"; };
		2DC338F92798A6B00095E502 /* de */ = {isa = PBXFileReference; lastKnownFileType = text.plist.strings; name = de; path = de.lproj/LanguageSupport.strings; sourceTree = "<group>"; };
/* End PBXFileReference section */

/* Begin PBXFrameworksBuildPhase section */
		2D5F52BE278F5574005A0D6C /* Frameworks */ = {
			isa = PBXFrameworksBuildPhase;
			buildActionMask = 2147483647;
			files = (
				2DF3DD79278F6349000748BF /* AppEntryPoint in Frameworks */,
				2D7596352809BD5D0003A937 /* MainFeature in Frameworks */,
				2D7596392809C6940003A937 /* Settings in Frameworks */,
				2D75963B2809C6DE0003A937 /* Utility in Frameworks */,
			);
			runOnlyForDeploymentPostprocessing = 0;
		};
		2D5F52C4278F5574005A0D6C /* Frameworks */ = {
			isa = PBXFrameworksBuildPhase;
			buildActionMask = 2147483647;
			files = (
				2DF3DD7B278F64BF000748BF /* AppEntryPoint in Frameworks */,
				2D7596332809BD580003A937 /* MainFeature in Frameworks */,
				2D7596372809C68E0003A937 /* Settings in Frameworks */,
				2D75963D2809C6E30003A937 /* Utility in Frameworks */,
			);
			runOnlyForDeploymentPostprocessing = 0;
		};
/* End PBXFrameworksBuildPhase section */

/* Begin PBXGroup section */
		2D5F52B1278F5573005A0D6C = {
			isa = PBXGroup;
			children = (
				2D5F52FA278F5AAD005A0D6C /* OpenFocusTimer */,
				2D5F52B6278F5574005A0D6C /* App */,
				2D5F52C8278F5574005A0D6C /* macOS */,
				2DC28215278F6EBB0074CBD1 /* RootFiles */,
				2D5F52C2278F5574005A0D6C /* Products */,
				2DF3DD77278F6349000748BF /* Frameworks */,
			);
			sourceTree = "<group>";
		};
		2D5F52B6278F5574005A0D6C /* App */ = {
			isa = PBXGroup;
			children = (
				2D5F52B9278F5574005A0D6C /* OpenFocusTimerApp.swift */,
				2D5F52BC278F5574005A0D6C /* AppAssets.xcassets */,
				2D77E0012812E4B900A955D8 /* ConfigFiles */,
				2DC338F82798A6AE0095E502 /* LanguageSupport.strings */,
			);
			path = App;
			sourceTree = "<group>";
		};
		2D5F52C2278F5574005A0D6C /* Products */ = {
			isa = PBXGroup;
			children = (
				2D5F52C1278F5574005A0D6C /* OpenFocusTimer.app */,
				2D5F52C7278F5574005A0D6C /* OpenFocusTimer.app */,
			);
			name = Products;
			sourceTree = "<group>";
		};
		2D5F52C8278F5574005A0D6C /* macOS */ = {
			isa = PBXGroup;
			children = (
				2D5F52C9278F5574005A0D6C /* macOS.entitlements */,
			);
			path = macOS;
			sourceTree = "<group>";
		};
		2D77E0012812E4B900A955D8 /* ConfigFiles */ = {
			isa = PBXGroup;
			children = (
				2D77E0052812E4F900A955D8 /* swift-format.json */,
				2D77E0092812EA9800A955D8 /* build-script.sh */,
				2D77E0082812E80600A955D8 /* SwiftGen-strings.stencil */,
				2D77E0022812E4F900A955D8 /* SwiftGen-xcassets.stencil */,
				2D77E0032812E4F900A955D8 /* BartyCrouch.toml */,
				2D77E0062812E4F900A955D8 /* swiftgen.yml */,
				2D77E0042812E4F900A955D8 /* SwiftLint.yml */,
			);
			name = ConfigFiles;
			sourceTree = "<group>";
		};
		2DC28215278F6EBB0074CBD1 /* RootFiles */ = {
			isa = PBXGroup;
			children = (
				2DC28216278F6F670074CBD1 /* .gitignore */,
			);
			name = RootFiles;
			sourceTree = "<group>";
		};
		2DF3DD77278F6349000748BF /* Frameworks */ = {
			isa = PBXGroup;
			children = (
			);
			name = Frameworks;
			sourceTree = "<group>";
		};
/* End PBXGroup section */

/* Begin PBXNativeTarget section */
		2D5F52C0278F5574005A0D6C /* iOSApp */ = {
			isa = PBXNativeTarget;
			buildConfigurationList = 2D5F52EE278F5574005A0D6C /* Build configuration list for PBXNativeTarget "iOSApp" */;
			buildPhases = (
				2D77DFFD2812DDFE00A955D8 /* BartyCrouch */,
				2D77DFFE2812E11300A955D8 /* SwiftGen */,
				2D75962F2809A8C20003A937 /* swift-format */,
				2D7596312809B0C30003A937 /* SwiftLint */,
				2D5F52BD278F5574005A0D6C /* Sources */,
				2D5F52BE278F5574005A0D6C /* Frameworks */,
				2D5F52BF278F5574005A0D6C /* Resources */,
				2D0DE0E0278F89CF00E9C488 /* XCSort */,
			);
			buildRules = (
			);
			dependencies = (
			);
			name = iOSApp;
			packageProductDependencies = (
				2DF3DD78278F6349000748BF /* AppEntryPoint */,
				2D7596342809BD5D0003A937 /* MainFeature */,
				2D7596382809C6940003A937 /* Settings */,
				2D75963A2809C6DE0003A937 /* Utility */,
			);
			productName = "OpenFocusTimer (iOS)";
			productReference = 2D5F52C1278F5574005A0D6C /* OpenFocusTimer.app */;
			productType = "com.apple.product-type.application";
		};
		2D5F52C6278F5574005A0D6C /* macOSApp */ = {
			isa = PBXNativeTarget;
			buildConfigurationList = 2D5F52F1278F5574005A0D6C /* Build configuration list for PBXNativeTarget "macOSApp" */;
			buildPhases = (
				2D77E0002812E37100A955D8 /* BartyCrouch */,
				2D77DFFF2812E36200A955D8 /* SwiftGen */,
				2D75962E2809A83D0003A937 /* swift-format */,
				2D7596302809AE700003A937 /* SwiftLint */,
				2D5F52C3278F5574005A0D6C /* Sources */,
				2D5F52C4278F5574005A0D6C /* Frameworks */,
				2D5F52C5278F5574005A0D6C /* Resources */,
				2D0DE0E3278F8A2800E9C488 /* XCSort */,
			);
			buildRules = (
			);
			dependencies = (
			);
			name = macOSApp;
			packageProductDependencies = (
				2DF3DD7A278F64BF000748BF /* AppEntryPoint */,
				2D7596322809BD580003A937 /* MainFeature */,
				2D7596362809C68E0003A937 /* Settings */,
				2D75963C2809C6E30003A937 /* Utility */,
			);
			productName = "OpenFocusTimer (macOS)";
			productReference = 2D5F52C7278F5574005A0D6C /* OpenFocusTimer.app */;
			productType = "com.apple.product-type.application";
		};
/* End PBXNativeTarget section */

/* Begin PBXProject section */
		2D5F52B2278F5573005A0D6C /* Project object */ = {
			isa = PBXProject;
			attributes = {
				BuildIndependentTargetsInParallel = 1;
				LastSwiftUpdateCheck = 1320;
				LastUpgradeCheck = 1320;
				TargetAttributes = {
					2D5F52C0278F5574005A0D6C = {
						CreatedOnToolsVersion = 13.2;
					};
					2D5F52C6278F5574005A0D6C = {
						CreatedOnToolsVersion = 13.2;
					};
				};
			};
			buildConfigurationList = 2D5F52B5278F5573005A0D6C /* Build configuration list for PBXProject "OpenFocusTimer" */;
			compatibilityVersion = "Xcode 13.0";
			developmentRegion = en;
			hasScannedForEncodings = 0;
			knownRegions = (
				en,
				Base,
				de,
			);
			mainGroup = 2D5F52B1278F5573005A0D6C;
			productRefGroup = 2D5F52C2278F5574005A0D6C /* Products */;
			projectDirPath = "";
			projectRoot = "";
			targets = (
				2D5F52C0278F5574005A0D6C /* iOSApp */,
				2D5F52C6278F5574005A0D6C /* macOSApp */,
			);
		};
/* End PBXProject section */

/* Begin PBXResourcesBuildPhase section */
		2D5F52BF278F5574005A0D6C /* Resources */ = {
			isa = PBXResourcesBuildPhase;
			buildActionMask = 2147483647;
			files = (
				2D5F52EA278F5574005A0D6C /* AppAssets.xcassets in Resources */,
				2DC338F52798A6AE0095E502 /* LanguageSupport.strings in Resources */,
			);
			runOnlyForDeploymentPostprocessing = 0;
		};
		2D5F52C5278F5574005A0D6C /* Resources */ = {
			isa = PBXResourcesBuildPhase;
			buildActionMask = 2147483647;
			files = (
				2D5F52EB278F5574005A0D6C /* AppAssets.xcassets in Resources */,
				2DC338F62798A6AE0095E502 /* LanguageSupport.strings in Resources */,
			);
			runOnlyForDeploymentPostprocessing = 0;
		};
/* End PBXResourcesBuildPhase section */

/* Begin PBXShellScriptBuildPhase section */
		2D0DE0E0278F89CF00E9C488 /* XCSort */ = {
			isa = PBXShellScriptBuildPhase;
			buildActionMask = 2147483647;
			files = (
			);
			inputFileListPaths = (
			);
			inputPaths = (
			);
			name = XCSort;
			outputFileListPaths = (
			);
			outputPaths = (
			);
			runOnlyForDeploymentPostprocessing = 0;
			shellPath = /bin/sh;
			shellScript = "if [[ $# -gt 1 ]]\nthen\n    echo \"Not support\"\n    exit 1\nfi\n\n# If your .xcodeproj file doesn't live immediately under SRCROOT or has a different name change the line below\nDEFAULT_PROJECT_FILE_PATH=\"${SRCROOT}/${PROJECT_NAME}.xcodeproj/project.pbxproj\"\nPROJECT_FILE_PATH=${1:-\"$DEFAULT_PROJECT_FILE_PATH\"}\nTEMP_FILE_PATH=$(mktemp \"${TMPDIR:-/tmp}/xc.$$.XXXXXXXXXX\")\n\nif [[ ! -f $PROJECT_FILE_PATH ]]\nthen\n    echo \"Cannot read $PROJECT_FILE_PATH\"\n    exit 1\nfi\n\nsort_range() {\n    while read -r\n    do\n        printf \"%s\\n\" \"$REPLY\"\n        if [[ $REPLY =~ $1 ]]\n        then\n            declare -a buf\n            while read -r && [[ ! $REPLY =~ $2 ]]\n            do\n                buf+=(\"$REPLY\")\n            done\n            for line in \"${buf[@]}\"\n            do\n                printf \"%s\\n\" \"$line\"\n            done | sort -k $3,$3 # To use case-insensitive sort, add `-f` option to `sort` command\n            unset buf\n            printf \"%s\\n\" \"$REPLY\"\n        fi\n    done\n}\n\ncat $PROJECT_FILE_PATH | \\\nsort_range \"files = \\(\" \"\\);\" 3  | \\\n# Uncomment the line below if you want your project structure to be sorted\n# sort_range \"children = \\(\" \"\\);\" 3 | \\\ncat > $TEMP_FILE_PATH\n\n\nif (( $(diff -u \"$TEMP_FILE_PATH\" \"$PROJECT_FILE_PATH\" | wc -c) > 0 ))\nthen\n    mv -f \"$TEMP_FILE_PATH\" \"$PROJECT_FILE_PATH\"\nelse\n    rm \"$TEMP_FILE_PATH\"\nfi\n\nexit 0\n";
		};
		2D0DE0E3278F8A2800E9C488 /* XCSort */ = {
			isa = PBXShellScriptBuildPhase;
			buildActionMask = 2147483647;
			files = (
			);
			inputFileListPaths = (
			);
			inputPaths = (
			);
			name = XCSort;
			outputFileListPaths = (
			);
			outputPaths = (
			);
			runOnlyForDeploymentPostprocessing = 0;
			shellPath = /bin/sh;
			shellScript = "if [[ $# -gt 1 ]]\nthen\n    echo \"Not support\"\n    exit 1\nfi\n\n# If your .xcodeproj file doesn't live immediately under SRCROOT or has a different name change the line below\nDEFAULT_PROJECT_FILE_PATH=\"${SRCROOT}/${PROJECT_NAME}.xcodeproj/project.pbxproj\"\nPROJECT_FILE_PATH=${1:-\"$DEFAULT_PROJECT_FILE_PATH\"}\nTEMP_FILE_PATH=$(mktemp \"${TMPDIR:-/tmp}/xc.$$.XXXXXXXXXX\")\n\nif [[ ! -f $PROJECT_FILE_PATH ]]\nthen\n    echo \"Cannot read $PROJECT_FILE_PATH\"\n    exit 1\nfi\n\nsort_range() {\n    while read -r\n    do\n        printf \"%s\\n\" \"$REPLY\"\n        if [[ $REPLY =~ $1 ]]\n        then\n            declare -a buf\n            while read -r && [[ ! $REPLY =~ $2 ]]\n            do\n                buf+=(\"$REPLY\")\n            done\n            for line in \"${buf[@]}\"\n            do\n                printf \"%s\\n\" \"$line\"\n            done | sort -k $3,$3 # To use case-insensitive sort, add `-f` option to `sort` command\n            unset buf\n            printf \"%s\\n\" \"$REPLY\"\n        fi\n    done\n}\n\ncat $PROJECT_FILE_PATH | \\\nsort_range \"files = \\(\" \"\\);\" 3  | \\\n# Uncomment the line below if you want your project structure to be sorted\n# sort_range \"children = \\(\" \"\\);\" 3 | \\\ncat > $TEMP_FILE_PATH\n\n\nif (( $(diff -u \"$TEMP_FILE_PATH\" \"$PROJECT_FILE_PATH\" | wc -c) > 0 ))\nthen\n    mv -f \"$TEMP_FILE_PATH\" \"$PROJECT_FILE_PATH\"\nelse\n    rm \"$TEMP_FILE_PATH\"\nfi\n\nexit 0\n";
		};
		2D75962E2809A83D0003A937 /* swift-format */ = {
			isa = PBXShellScriptBuildPhase;
			buildActionMask = 2147483647;
			files = (
			);
			inputFileListPaths = (
			);
			inputPaths = (
			);
			name = "swift-format";
			outputFileListPaths = (
			);
			outputPaths = (
			);
			runOnlyForDeploymentPostprocessing = 0;
			shellPath = /bin/sh;
			shellScript = "export PATH=\"$PATH:/opt/homebrew/bin\"\n\nif which swift-format > /dev/null; then\n   swift-format lint --recursive ../Sources ../Tests App ../Package.swift --configuration swift-format.json\nelse\n   echo \"warning: swift-format not installed, see https://github.com/apple/swift-format\"\nfi\n";
		};
		2D75962F2809A8C20003A937 /* swift-format */ = {
			isa = PBXShellScriptBuildPhase;
			buildActionMask = 2147483647;
			files = (
			);
			inputFileListPaths = (
			);
			inputPaths = (
			);
			name = "swift-format";
			outputFileListPaths = (
			);
			outputPaths = (
			);
			runOnlyForDeploymentPostprocessing = 0;
			shellPath = /bin/sh;
			shellScript = "export PATH=\"$PATH:/opt/homebrew/bin\"\n\nif which swift-format > /dev/null; then\n   swift-format lint --recursive ../Sources ../Tests App ../Package.swift --configuration swift-format.json\nelse\n   echo \"warning: swift-format not installed, see https://github.com/apple/swift-format\"\nfi\n";
		};
		2D7596302809AE700003A937 /* SwiftLint */ = {
			isa = PBXShellScriptBuildPhase;
			buildActionMask = 2147483647;
			files = (
			);
			inputFileListPaths = (
			);
			inputPaths = (
			);
			name = SwiftLint;
			outputFileListPaths = (
			);
			outputPaths = (
			);
			runOnlyForDeploymentPostprocessing = 0;
			shellPath = /bin/sh;
			shellScript = "export PATH=\"$PATH:/opt/homebrew/bin\"\n\nif which swiftlint > /dev/null; then\n   swiftlint --lenient\nelse\n   echo \"warning: SwiftLint not installed, see https://github.com/realm/SwiftLint\"\nfi\n";
		};
		2D7596312809B0C30003A937 /* SwiftLint */ = {
			isa = PBXShellScriptBuildPhase;
			buildActionMask = 2147483647;
			files = (
			);
			inputFileListPaths = (
			);
			inputPaths = (
			);
			name = SwiftLint;
			outputFileListPaths = (
			);
			outputPaths = (
			);
			runOnlyForDeploymentPostprocessing = 0;
			shellPath = /bin/sh;
			shellScript = "export PATH=\"$PATH:/opt/homebrew/bin\"\n\nif which swiftlint > /dev/null; then\n   swiftlint --lenient\nelse\n   echo \"warning: SwiftLint not installed, see https://github.com/realm/SwiftLint\"\nfi\n";
		};
		2D77DFFD2812DDFE00A955D8 /* BartyCrouch */ = {
			isa = PBXShellScriptBuildPhase;
			buildActionMask = 2147483647;
			files = (
			);
			inputFileListPaths = (
			);
			inputPaths = (
			);
			name = BartyCrouch;
			outputFileListPaths = (
			);
			outputPaths = (
			);
			runOnlyForDeploymentPostprocessing = 0;
			shellPath = /bin/sh;
			shellScript = "export PATH=\"$PATH:/opt/homebrew/bin\"\n\nif which bartycrouch > /dev/null; then\n   bartycrouch update -x\n   bartycrouch lint -x\nelse\n   echo \"warning: BartyCrouch not installed, see https://github.com/FlineDev/BartyCrouch\"\nfi\n";
		};
		2D77DFFE2812E11300A955D8 /* SwiftGen */ = {
			isa = PBXShellScriptBuildPhase;
			buildActionMask = 2147483647;
			files = (
			);
			inputFileListPaths = (
			);
			inputPaths = (
			);
			name = SwiftGen;
			outputFileListPaths = (
			);
			outputPaths = (
			);
			runOnlyForDeploymentPostprocessing = 0;
			shellPath = /bin/sh;
			shellScript = "export PATH=\"$PATH:/opt/homebrew/bin\"\n\nif which swiftgen > /dev/null; then\n   swiftgen\nelse\n   echo \"warning: SwiftGen not installed, see https://github.com/SwiftGen/SwiftGen\"\nfi\n";
		};
		2D77DFFF2812E36200A955D8 /* SwiftGen */ = {
			isa = PBXShellScriptBuildPhase;
			buildActionMask = 2147483647;
			files = (
			);
			inputFileListPaths = (
			);
			inputPaths = (
			);
			name = SwiftGen;
			outputFileListPaths = (
			);
			outputPaths = (
			);
			runOnlyForDeploymentPostprocessing = 0;
			shellPath = /bin/sh;
			shellScript = "export PATH=\"$PATH:/opt/homebrew/bin\"\n\nif which swiftgen > /dev/null; then\n   swiftgen\nelse\n   echo \"warning: SwiftGen not installed, see https://github.com/SwiftGen/SwiftGen\"\nfi\n";
		};
		2D77E0002812E37100A955D8 /* BartyCrouch */ = {
			isa = PBXShellScriptBuildPhase;
			buildActionMask = 2147483647;
			files = (
			);
			inputFileListPaths = (
			);
			inputPaths = (
			);
			name = BartyCrouch;
			outputFileListPaths = (
			);
			outputPaths = (
			);
			runOnlyForDeploymentPostprocessing = 0;
			shellPath = /bin/sh;
			shellScript = "export PATH=\"$PATH:/opt/homebrew/bin\"\n\nif which bartycrouch > /dev/null; then\n   bartycrouch update -x\n   bartycrouch lint -x\nelse\n   echo \"warning: BartyCrouch not installed, see https://github.com/FlineDev/BartyCrouch\"\nfi\n";
		};
/* End PBXShellScriptBuildPhase section */

/* Begin PBXSourcesBuildPhase section */
		2D5F52BD278F5574005A0D6C /* Sources */ = {
			isa = PBXSourcesBuildPhase;
			buildActionMask = 2147483647;
			files = (
				2D5F52E4278F5574005A0D6C /* OpenFocusTimerApp.swift in Sources */,
			);
			runOnlyForDeploymentPostprocessing = 0;
		};
		2D5F52C3278F5574005A0D6C /* Sources */ = {
			isa = PBXSourcesBuildPhase;
			buildActionMask = 2147483647;
			files = (
				2D5F52E5278F5574005A0D6C /* OpenFocusTimerApp.swift in Sources */,
			);
			runOnlyForDeploymentPostprocessing = 0;
		};
/* End PBXSourcesBuildPhase section */

/* Begin PBXVariantGroup section */
		2DC338F82798A6AE0095E502 /* LanguageSupport.strings */ = {
			isa = PBXVariantGroup;
			children = (
				2DC338F72798A6AE0095E502 /* en */,
				2DC338F92798A6B00095E502 /* de */,
			);
			name = LanguageSupport.strings;
			sourceTree = "<group>";
		};
/* End PBXVariantGroup section */

/* Begin XCBuildConfiguration section */
		2D5F52EC278F5574005A0D6C /* Debug */ = {
			isa = XCBuildConfiguration;
			buildSettings = {
				ALWAYS_SEARCH_USER_PATHS = NO;
				CLANG_ANALYZER_LOCALIZABILITY_NONLOCALIZED = YES;
				CLANG_ANALYZER_NONNULL = YES;
				CLANG_ANALYZER_NUMBER_OBJECT_CONVERSION = YES_AGGRESSIVE;
				CLANG_CXX_LANGUAGE_STANDARD = "gnu++17";
				CLANG_CXX_LIBRARY = "libc++";
				CLANG_ENABLE_MODULES = YES;
				CLANG_ENABLE_OBJC_ARC = YES;
				CLANG_ENABLE_OBJC_WEAK = YES;
				CLANG_WARN_BLOCK_CAPTURE_AUTORELEASING = YES;
				CLANG_WARN_BOOL_CONVERSION = YES;
				CLANG_WARN_COMMA = YES;
				CLANG_WARN_CONSTANT_CONVERSION = YES;
				CLANG_WARN_DEPRECATED_OBJC_IMPLEMENTATIONS = YES;
				CLANG_WARN_DIRECT_OBJC_ISA_USAGE = YES_ERROR;
				CLANG_WARN_DOCUMENTATION_COMMENTS = YES;
				CLANG_WARN_EMPTY_BODY = YES;
				CLANG_WARN_ENUM_CONVERSION = YES;
				CLANG_WARN_INFINITE_RECURSION = YES;
				CLANG_WARN_INT_CONVERSION = YES;
				CLANG_WARN_NON_LITERAL_NULL_CONVERSION = YES;
				CLANG_WARN_OBJC_IMPLICIT_RETAIN_SELF = YES;
				CLANG_WARN_OBJC_LITERAL_CONVERSION = YES;
				CLANG_WARN_OBJC_ROOT_CLASS = YES_ERROR;
				CLANG_WARN_QUOTED_INCLUDE_IN_FRAMEWORK_HEADER = YES;
				CLANG_WARN_RANGE_LOOP_ANALYSIS = YES;
				CLANG_WARN_STRICT_PROTOTYPES = YES;
				CLANG_WARN_SUSPICIOUS_MOVE = YES;
				CLANG_WARN_UNGUARDED_AVAILABILITY = YES_AGGRESSIVE;
				CLANG_WARN_UNREACHABLE_CODE = YES;
				CLANG_WARN__DUPLICATE_METHOD_MATCH = YES;
				COPY_PHASE_STRIP = NO;
				DEBUG_INFORMATION_FORMAT = dwarf;
				ENABLE_STRICT_OBJC_MSGSEND = YES;
				ENABLE_TESTABILITY = YES;
				GCC_C_LANGUAGE_STANDARD = gnu11;
				GCC_DYNAMIC_NO_PIC = NO;
				GCC_NO_COMMON_BLOCKS = YES;
				GCC_OPTIMIZATION_LEVEL = 0;
				GCC_PREPROCESSOR_DEFINITIONS = (
					"DEBUG=1",
					"$(inherited)",
				);
				GCC_WARN_64_TO_32_BIT_CONVERSION = YES;
				GCC_WARN_ABOUT_RETURN_TYPE = YES_ERROR;
				GCC_WARN_UNDECLARED_SELECTOR = YES;
				GCC_WARN_UNINITIALIZED_AUTOS = YES_AGGRESSIVE;
				GCC_WARN_UNUSED_FUNCTION = YES;
				GCC_WARN_UNUSED_VARIABLE = YES;
				IPHONEOS_DEPLOYMENT_TARGET = 15.0;
				MACOSX_DEPLOYMENT_TARGET = 12.0;
				MTL_ENABLE_DEBUG_INFO = INCLUDE_SOURCE;
				MTL_FAST_MATH = YES;
				ONLY_ACTIVE_ARCH = YES;
				SWIFT_ACTIVE_COMPILATION_CONDITIONS = DEBUG;
				SWIFT_OPTIMIZATION_LEVEL = "-Onone";
			};
			name = Debug;
		};
		2D5F52ED278F5574005A0D6C /* Release */ = {
			isa = XCBuildConfiguration;
			buildSettings = {
				ALWAYS_SEARCH_USER_PATHS = NO;
				CLANG_ANALYZER_LOCALIZABILITY_NONLOCALIZED = YES;
				CLANG_ANALYZER_NONNULL = YES;
				CLANG_ANALYZER_NUMBER_OBJECT_CONVERSION = YES_AGGRESSIVE;
				CLANG_CXX_LANGUAGE_STANDARD = "gnu++17";
				CLANG_CXX_LIBRARY = "libc++";
				CLANG_ENABLE_MODULES = YES;
				CLANG_ENABLE_OBJC_ARC = YES;
				CLANG_ENABLE_OBJC_WEAK = YES;
				CLANG_WARN_BLOCK_CAPTURE_AUTORELEASING = YES;
				CLANG_WARN_BOOL_CONVERSION = YES;
				CLANG_WARN_COMMA = YES;
				CLANG_WARN_CONSTANT_CONVERSION = YES;
				CLANG_WARN_DEPRECATED_OBJC_IMPLEMENTATIONS = YES;
				CLANG_WARN_DIRECT_OBJC_ISA_USAGE = YES_ERROR;
				CLANG_WARN_DOCUMENTATION_COMMENTS = YES;
				CLANG_WARN_EMPTY_BODY = YES;
				CLANG_WARN_ENUM_CONVERSION = YES;
				CLANG_WARN_INFINITE_RECURSION = YES;
				CLANG_WARN_INT_CONVERSION = YES;
				CLANG_WARN_NON_LITERAL_NULL_CONVERSION = YES;
				CLANG_WARN_OBJC_IMPLICIT_RETAIN_SELF = YES;
				CLANG_WARN_OBJC_LITERAL_CONVERSION = YES;
				CLANG_WARN_OBJC_ROOT_CLASS = YES_ERROR;
				CLANG_WARN_QUOTED_INCLUDE_IN_FRAMEWORK_HEADER = YES;
				CLANG_WARN_RANGE_LOOP_ANALYSIS = YES;
				CLANG_WARN_STRICT_PROTOTYPES = YES;
				CLANG_WARN_SUSPICIOUS_MOVE = YES;
				CLANG_WARN_UNGUARDED_AVAILABILITY = YES_AGGRESSIVE;
				CLANG_WARN_UNREACHABLE_CODE = YES;
				CLANG_WARN__DUPLICATE_METHOD_MATCH = YES;
				COPY_PHASE_STRIP = NO;
				DEBUG_INFORMATION_FORMAT = "dwarf-with-dsym";
				ENABLE_NS_ASSERTIONS = NO;
				ENABLE_STRICT_OBJC_MSGSEND = YES;
				GCC_C_LANGUAGE_STANDARD = gnu11;
				GCC_NO_COMMON_BLOCKS = YES;
				GCC_WARN_64_TO_32_BIT_CONVERSION = YES;
				GCC_WARN_ABOUT_RETURN_TYPE = YES_ERROR;
				GCC_WARN_UNDECLARED_SELECTOR = YES;
				GCC_WARN_UNINITIALIZED_AUTOS = YES_AGGRESSIVE;
				GCC_WARN_UNUSED_FUNCTION = YES;
				GCC_WARN_UNUSED_VARIABLE = YES;
				IPHONEOS_DEPLOYMENT_TARGET = 15.0;
				MACOSX_DEPLOYMENT_TARGET = 12.0;
				MTL_ENABLE_DEBUG_INFO = NO;
				MTL_FAST_MATH = YES;
				SWIFT_COMPILATION_MODE = wholemodule;
				SWIFT_OPTIMIZATION_LEVEL = "-O";
			};
			name = Release;
		};
		2D5F52EF278F5574005A0D6C /* Debug */ = {
			isa = XCBuildConfiguration;
			buildSettings = {
				ASSETCATALOG_COMPILER_APPICON_NAME = AppIcon;
				ASSETCATALOG_COMPILER_GLOBAL_ACCENT_COLOR_NAME = AccentColor;
				CODE_SIGN_STYLE = Automatic;
				CURRENT_PROJECT_VERSION = 1;
				ENABLE_PREVIEWS = YES;
				GENERATE_INFOPLIST_FILE = YES;
				INFOPLIST_KEY_UIApplicationSceneManifest_Generation = YES;
				INFOPLIST_KEY_UIApplicationSupportsIndirectInputEvents = YES;
				INFOPLIST_KEY_UILaunchScreen_Generation = YES;
				INFOPLIST_KEY_UISupportedInterfaceOrientations_iPad = "UIInterfaceOrientationPortrait UIInterfaceOrientationPortraitUpsideDown UIInterfaceOrientationLandscapeLeft UIInterfaceOrientationLandscapeRight";
				INFOPLIST_KEY_UISupportedInterfaceOrientations_iPhone = "UIInterfaceOrientationPortrait UIInterfaceOrientationLandscapeLeft UIInterfaceOrientationLandscapeRight";
				LD_RUNPATH_SEARCH_PATHS = (
					"$(inherited)",
					"@executable_path/Frameworks",
				);
				MARKETING_VERSION = 1.0.0;
				PRODUCT_BUNDLE_IDENTIFIER = dev.fline.OpenFocusTimer;
				PRODUCT_NAME = OpenFocusTimer;
				SDKROOT = iphoneos;
				SWIFT_EMIT_LOC_STRINGS = YES;
				SWIFT_VERSION = 5.0;
				TARGETED_DEVICE_FAMILY = "1,2";
			};
			name = Debug;
		};
		2D5F52F0278F5574005A0D6C /* Release */ = {
			isa = XCBuildConfiguration;
			buildSettings = {
				ASSETCATALOG_COMPILER_APPICON_NAME = AppIcon;
				ASSETCATALOG_COMPILER_GLOBAL_ACCENT_COLOR_NAME = AccentColor;
				CODE_SIGN_STYLE = Automatic;
				CURRENT_PROJECT_VERSION = 1;
				ENABLE_PREVIEWS = YES;
				GENERATE_INFOPLIST_FILE = YES;
				INFOPLIST_KEY_UIApplicationSceneManifest_Generation = YES;
				INFOPLIST_KEY_UIApplicationSupportsIndirectInputEvents = YES;
				INFOPLIST_KEY_UILaunchScreen_Generation = YES;
				INFOPLIST_KEY_UISupportedInterfaceOrientations_iPad = "UIInterfaceOrientationPortrait UIInterfaceOrientationPortraitUpsideDown UIInterfaceOrientationLandscapeLeft UIInterfaceOrientationLandscapeRight";
				INFOPLIST_KEY_UISupportedInterfaceOrientations_iPhone = "UIInterfaceOrientationPortrait UIInterfaceOrientationLandscapeLeft UIInterfaceOrientationLandscapeRight";
				LD_RUNPATH_SEARCH_PATHS = (
					"$(inherited)",
					"@executable_path/Frameworks",
				);
				MARKETING_VERSION = 1.0.0;
				PRODUCT_BUNDLE_IDENTIFIER = dev.fline.OpenFocusTimer;
				PRODUCT_NAME = OpenFocusTimer;
				SDKROOT = iphoneos;
				SWIFT_EMIT_LOC_STRINGS = YES;
				SWIFT_VERSION = 5.0;
				TARGETED_DEVICE_FAMILY = "1,2";
				VALIDATE_PRODUCT = YES;
			};
			name = Release;
		};
		2D5F52F2278F5574005A0D6C /* Debug */ = {
			isa = XCBuildConfiguration;
			buildSettings = {
				ASSETCATALOG_COMPILER_APPICON_NAME = AppIcon;
				ASSETCATALOG_COMPILER_GLOBAL_ACCENT_COLOR_NAME = AccentColor;
				CODE_SIGN_ENTITLEMENTS = macOS/macOS.entitlements;
				CODE_SIGN_IDENTITY = "-";
				CODE_SIGN_STYLE = Automatic;
				COMBINE_HIDPI_IMAGES = YES;
				CURRENT_PROJECT_VERSION = 1;
				ENABLE_PREVIEWS = YES;
				GENERATE_INFOPLIST_FILE = YES;
				INFOPLIST_KEY_NSHumanReadableCopyright = "";
				LD_RUNPATH_SEARCH_PATHS = (
					"$(inherited)",
					"@executable_path/../Frameworks",
				);
				MARKETING_VERSION = 1.0.0;
				PRODUCT_BUNDLE_IDENTIFIER = dev.fline.OpenFocusTimer;
				PRODUCT_NAME = OpenFocusTimer;
				SDKROOT = macosx;
				SWIFT_EMIT_LOC_STRINGS = YES;
				SWIFT_VERSION = 5.0;
			};
			name = Debug;
		};
		2D5F52F3278F5574005A0D6C /* Release */ = {
			isa = XCBuildConfiguration;
			buildSettings = {
				ASSETCATALOG_COMPILER_APPICON_NAME = AppIcon;
				ASSETCATALOG_COMPILER_GLOBAL_ACCENT_COLOR_NAME = AccentColor;
				CODE_SIGN_ENTITLEMENTS = macOS/macOS.entitlements;
				CODE_SIGN_IDENTITY = "-";
				CODE_SIGN_STYLE = Automatic;
				COMBINE_HIDPI_IMAGES = YES;
				CURRENT_PROJECT_VERSION = 1;
				ENABLE_PREVIEWS = YES;
				GENERATE_INFOPLIST_FILE = YES;
				INFOPLIST_KEY_NSHumanReadableCopyright = "";
				LD_RUNPATH_SEARCH_PATHS = (
					"$(inherited)",
					"@executable_path/../Frameworks",
				);
				MARKETING_VERSION = 1.0.0;
				PRODUCT_BUNDLE_IDENTIFIER = dev.fline.OpenFocusTimer;
				PRODUCT_NAME = OpenFocusTimer;
				SDKROOT = macosx;
				SWIFT_EMIT_LOC_STRINGS = YES;
				SWIFT_VERSION = 5.0;
			};
			name = Release;
		};
/* End XCBuildConfiguration section */

/* Begin XCConfigurationList section */
		2D5F52B5278F5573005A0D6C /* Build configuration list for PBXProject "OpenFocusTimer" */ = {
			isa = XCConfigurationList;
			buildConfigurations = (
				2D5F52EC278F5574005A0D6C /* Debug */,
				2D5F52ED278F5574005A0D6C /* Release */,
			);
			defaultConfigurationIsVisible = 0;
			defaultConfigurationName = Release;
		};
		2D5F52EE278F5574005A0D6C /* Build configuration list for PBXNativeTarget "iOSApp" */ = {
			isa = XCConfigurationList;
			buildConfigurations = (
				2D5F52EF278F5574005A0D6C /* Debug */,
				2D5F52F0278F5574005A0D6C /* Release */,
			);
			defaultConfigurationIsVisible = 0;
			defaultConfigurationName = Release;
		};
		2D5F52F1278F5574005A0D6C /* Build configuration list for PBXNativeTarget "macOSApp" */ = {
			isa = XCConfigurationList;
			buildConfigurations = (
				2D5F52F2278F5574005A0D6C /* Debug */,
				2D5F52F3278F5574005A0D6C /* Release */,
			);
			defaultConfigurationIsVisible = 0;
			defaultConfigurationName = Release;
		};
/* End XCConfigurationList section */

/* Begin XCSwiftPackageProductDependency section */
		2D7596322809BD580003A937 /* MainFeature */ = {
			isa = XCSwiftPackageProductDependency;
			productName = MainFeature;
		};
		2D7596342809BD5D0003A937 /* MainFeature */ = {
			isa = XCSwiftPackageProductDependency;
			productName = MainFeature;
		};
		2D7596362809C68E0003A937 /* Settings */ = {
			isa = XCSwiftPackageProductDependency;
			productName = Settings;
		};
		2D7596382809C6940003A937 /* Settings */ = {
			isa = XCSwiftPackageProductDependency;
			productName = Settings;
		};
		2D75963A2809C6DE0003A937 /* Utility */ = {
			isa = XCSwiftPackageProductDependency;
			productName = Utility;
		};
		2D75963C2809C6E30003A937 /* Utility */ = {
			isa = XCSwiftPackageProductDependency;
			productName = Utility;
		};
		2DF3DD78278F6349000748BF /* AppEntryPoint */ = {
			isa = XCSwiftPackageProductDependency;
			productName = AppEntryPoint;
		};
		2DF3DD7A278F64BF000748BF /* AppEntryPoint */ = {
			isa = XCSwiftPackageProductDependency;
			productName = AppEntryPoint;
		};
/* End XCSwiftPackageProductDependency section */
	};
	rootObject = 2D5F52B2278F5573005A0D6C /* Project object */;
}
